
Microsoft Visual Studio Solution File, Format Version 12.00
# Visual Studio Version 17
VisualStudioVersion = 17.9.34616.47
MinimumVisualStudioVersion = 10.0.40219.1
Project("{FAE04EC0-301F-11D3-BF4B-00C04F79EFBC}") = "HelloDevOpsGit", "HelloDevOpsGit\HelloDevOpsGit.csproj", "{50BCCD8F-C649-4556-B4EE-2482C92E702F}"
EndProject
Global
	GlobalSection(SolutionConfigurationPlatforms) = preSolution
		Debug|Any CPU = Debug|Any CPU
		Release|Any CPU = Release|Any CPU
	EndGlobalSection
	GlobalSection(ProjectConfigurationPlatforms) = postSolution
		{50BCCD8F-C649-4556-B4EE-2482C92E702F}.Debug|Any CPU.ActiveCfg = Debug|Any CPU
		{50BCCD8F-C649-4556-B4EE-2482C92E702F}.Debug|Any CPU.Build.0 = Debug|Any CPU
		{50BCCD8F-C649-4556-B4EE-2482C92E702F}.Release|Any CPU.ActiveCfg = Release|Any CPU
		{50BCCD8F-C649-4556-B4EE-2482C92E702F}.Release|Any CPU.Build.0 = Release|Any CPU
	EndGlobalSection
	GlobalSection(SolutionProperties) = preSolution
		HideSolutionNode = FALSE
	EndGlobalSection
	GlobalSection(ExtensibilityGlobals) = postSolution
		SolutionGuid = {BE993D85-5CED-412E-82BD-ED5C3C889036}
	EndGlobalSection
EndGlobal
